{
  "name": "random-str-msgss",
  "version": "1.1.0",
  "lockfileVersion": 3,
  "requires": true,
  "packages": {
    "": {
      "name": "random-str-msgss",
      "version": "1.1.0",
      "license": "MIT",
      "dependencies": {
        "random-str-msgss": "^1.0.0"
      },
      "bin": {
        "random-str-msg": "bin/global.js"
      }
    },
    "node_modules/random-str-msgss": {
      "version": "1.0.0",
      "resolved": "https://registry.npmjs.org/random-str-msgss/-/random-str-msgss-1.0.0.tgz",
      "integrity": "sha512-U6QQAh1qhW2lRTaIrm13mE9kos0f/yKKn0WcnyBJaWbliWMAS9wqkdqHw4EFnm5QfbEv3r1hqyKYSAGAHth5zg==",
      "bin": {
        "random-str-msg": "bin/global.js"
      }
    }
  }
}
