{
  "name": "random-str-msgss",
  "version": "1.1.0",
  "lockfileVersion": 3,
  "requires": true,
  "packages": {
    "": {
      "name": "random-str-msgss",
      "version": "1.1.0",
      "license": "MIT",
      "dependencies": {
        "random-str-msgss": "^1.1.0"
      },
      "bin": {
        "random-str-msgss": "bin/global.js"
      }
    },
    "node_modules/random-str-msgss": {
      "version": "1.1.0",
      "resolved": "https://registry.npmjs.org/random-str-msgss/-/random-str-msgss-1.1.0.tgz",
      "integrity": "sha512-QPcaSMhVpg460oWUqXfIh5Lqwg+1G2CZ/BrmVYQRNZDeoxSQVMoZLUx08AoAZzAFS17g5nz0lhkTsHfLat7p4Q==",
      "dependencies": {
        "random-str-msgss": "^1.0.0"
      },
      "bin": {
        "random-str-msgss": "bin/global.js"
      }
    }
  }
}
